
Microsoft Visual Studio Solution File, Format Version 12.00
# Visual Studio 2012
Project("{FAE04EC0-301F-11D3-BF4B-00C04F79EFBC}") = "2048", "2048\2048.csproj", "{3F3F1E17-F4D0-4898-828E-DC46F88A89EF}"
EndProject
Global
	GlobalSection(SolutionConfigurationPlatforms) = preSolution
		Debug|Any CPU = Debug|Any CPU
		Release|Any CPU = Release|Any CPU
	EndGlobalSection
	GlobalSection(ProjectConfigurationPlatforms) = postSolution
		{3F3F1E17-F4D0-4898-828E-DC46F88A89EF}.Debug|Any CPU.ActiveCfg = Debug|Any CPU
		{3F3F1E17-F4D0-4898-828E-DC46F88A89EF}.Debug|Any CPU.Build.0 = Debug|Any CPU
		{3F3F1E17-F4D0-4898-828E-DC46F88A89EF}.Release|Any CPU.ActiveCfg = Release|Any CPU
		{3F3F1E17-F4D0-4898-828E-DC46F88A89EF}.Release|Any CPU.Build.0 = Release|Any CPU
	EndGlobalSection
	GlobalSection(SolutionProperties) = preSolution
		HideSolutionNode = FALSE
	EndGlobalSection
EndGlobal
